
Microsoft Visual Studio Solution File, Format Version 12.00
# Visual Studio Version 16
VisualStudioVersion = 16.0.33529.622
MinimumVisualStudioVersion = 10.0.40219.1
Project("{FAE04EC0-301F-11D3-BF4B-00C04F79EFBC}") = "EDHPlayerTracker.Android", "EDHPlayerTracker.Android\EDHPlayerTracker.Android.csproj", "{2D747E98-A14F-4CE3-BACD-8DBF1C9F9FE4}"
EndProject
Project("{9A19103F-16F7-4668-BE54-9A1E7A4F7556}") = "EDHPlayerTracker", "EDHPlayerTracker\EDHPlayerTracker.csproj", "{B63D6F78-4E9F-416A-92CE-46669EE84045}"
EndProject
Global
	GlobalSection(SolutionConfigurationPlatforms) = preSolution
		Debug|Any CPU = Debug|Any CPU
		Release|Any CPU = Release|Any CPU
	EndGlobalSection
	GlobalSection(ProjectConfigurationPlatforms) = postSolution
		{2D747E98-A14F-4CE3-BACD-8DBF1C9F9FE4}.Debug|Any CPU.ActiveCfg = Debug|Any CPU
		{2D747E98-A14F-4CE3-BACD-8DBF1C9F9FE4}.Debug|Any CPU.Build.0 = Debug|Any CPU
		{2D747E98-A14F-4CE3-BACD-8DBF1C9F9FE4}.Debug|Any CPU.Deploy.0 = Debug|Any CPU
		{2D747E98-A14F-4CE3-BACD-8DBF1C9F9FE4}.Release|Any CPU.ActiveCfg = Release|Any CPU
		{2D747E98-A14F-4CE3-BACD-8DBF1C9F9FE4}.Release|Any CPU.Build.0 = Release|Any CPU
		{2D747E98-A14F-4CE3-BACD-8DBF1C9F9FE4}.Release|Any CPU.Deploy.0 = Release|Any CPU
		{B63D6F78-4E9F-416A-92CE-46669EE84045}.Debug|Any CPU.ActiveCfg = Debug|Any CPU
		{B63D6F78-4E9F-416A-92CE-46669EE84045}.Debug|Any CPU.Build.0 = Debug|Any CPU
		{B63D6F78-4E9F-416A-92CE-46669EE84045}.Debug|Any CPU.Deploy.0 = Debug|Any CPU
		{B63D6F78-4E9F-416A-92CE-46669EE84045}.Release|Any CPU.ActiveCfg = Release|Any CPU
		{B63D6F78-4E9F-416A-92CE-46669EE84045}.Release|Any CPU.Build.0 = Release|Any CPU
		{B63D6F78-4E9F-416A-92CE-46669EE84045}.Release|Any CPU.Deploy.0 = Release|Any CPU
	EndGlobalSection
	GlobalSection(SolutionProperties) = preSolution
		HideSolutionNode = FALSE
	EndGlobalSection
	GlobalSection(ExtensibilityGlobals) = postSolution
		SolutionGuid = {D6CB6A2D-C975-4F62-89FB-AC41E0461633}
	EndGlobalSection
EndGlobal
